// !$*UTF8*$!
{
	archiveVersion = 1;
	classes = {
	};
	objectVersion = 77;
	objects = {

/* Begin PBXBuildFile section */
		4F8CA5DA99DE6CB44EE0ACDC /* Pods_ByondSplitBill_ByondSplitBillUITests.framework in Frameworks */ = {isa = PBXBuildFile; fileRef = 4A38ABDB2CC9E569A86BE083 /* Pods_ByondSplitBill_ByondSplitBillUITests.framework */; };
		6ED87FF859FCB4DBF1850E0C /* Pods_ByondSplitBillTests.framework in Frameworks */ = {isa = PBXBuildFile; fileRef = 4FAE0493A6F7619D962A2061 /* Pods_ByondSplitBillTests.framework */; };
		F82672E6206B9D01F0B39ED9 /* Pods_ByondSplitBill.framework in Frameworks */ = {isa = PBXBuildFile; fileRef = 0DEC62E169B83DBFC778B59F /* Pods_ByondSplitBill.framework */; };
/* End PBXBuildFile section */

/* Begin PBXContainerItemProxy section */
		82046F642DCB1D5500338AE7 /* PBXContainerItemProxy */ = {
			isa = PBXContainerItemProxy;
			containerPortal = 82046F422DCB1D5300338AE7 /* Project object */;
			proxyType = 1;
			remoteGlobalIDString = 82046F492DCB1D5300338AE7;
			remoteInfo = ByondSplitBill;
		};
		82046F6E2DCB1D5500338AE7 /* PBXContainerItemProxy */ = {
			isa = PBXContainerItemProxy;
			containerPortal = 82046F422DCB1D5300338AE7 /* Project object */;
			proxyType = 1;
			remoteGlobalIDString = 82046F492DCB1D5300338AE7;
			remoteInfo = ByondSplitBill;
		};
/* End PBXContainerItemProxy section */

/* Begin PBXFileReference section */
		0DEC62E169B83DBFC778B59F /* Pods_ByondSplitBill.framework */ = {isa = PBXFileReference; explicitFileType = wrapper.framework; includeInIndex = 0; path = Pods_ByondSplitBill.framework; sourceTree = BUILT_PRODUCTS_DIR; };
		2B314378BB37BFF68E0FC74D /* Pods-ByondSplitBill-ByondSplitBillUITests.release.xcconfig */ = {isa = PBXFileReference; includeInIndex = 1; lastKnownFileType = text.xcconfig; name = "Pods-ByondSplitBill-ByondSplitBillUITests.release.xcconfig"; path = "Target Support Files/Pods-ByondSplitBill-ByondSplitBillUITests/Pods-ByondSplitBill-ByondSplitBillUITests.release.xcconfig"; sourceTree = "<group>"; };
		4A38ABDB2CC9E569A86BE083 /* Pods_ByondSplitBill_ByondSplitBillUITests.framework */ = {isa = PBXFileReference; explicitFileType = wrapper.framework; includeInIndex = 0; path = Pods_ByondSplitBill_ByondSplitBillUITests.framework; sourceTree = BUILT_PRODUCTS_DIR; };
		4FAE0493A6F7619D962A2061 /* Pods_ByondSplitBillTests.framework */ = {isa = PBXFileReference; explicitFileType = wrapper.framework; includeInIndex = 0; path = Pods_ByondSplitBillTests.framework; sourceTree = BUILT_PRODUCTS_DIR; };
		57293A4CFD5A10BCC8DF3376 /* Pods-ByondSplitBill.release.xcconfig */ = {isa = PBXFileReference; includeInIndex = 1; lastKnownFileType = text.xcconfig; name = "Pods-ByondSplitBill.release.xcconfig"; path = "Target Support Files/Pods-ByondSplitBill/Pods-ByondSplitBill.release.xcconfig"; sourceTree = "<group>"; };
		601521DB03DC2AA27E4C2BE6 /* Pods-ByondSplitBillTests.release.xcconfig */ = {isa = PBXFileReference; includeInIndex = 1; lastKnownFileType = text.xcconfig; name = "Pods-ByondSplitBillTests.release.xcconfig"; path = "Target Support Files/Pods-ByondSplitBillTests/Pods-ByondSplitBillTests.release.xcconfig"; sourceTree = "<group>"; };
		82046F4A2DCB1D5300338AE7 /* ByondSplitBill.app */ = {isa = PBXFileReference; explicitFileType = wrapper.application; includeInIndex = 0; path = ByondSplitBill.app; sourceTree = BUILT_PRODUCTS_DIR; };
		82046F632DCB1D5500338AE7 /* ByondSplitBillTests.xctest */ = {isa = PBXFileReference; explicitFileType = wrapper.cfbundle; includeInIndex = 0; path = ByondSplitBillTests.xctest; sourceTree = BUILT_PRODUCTS_DIR; };
		82046F6D2DCB1D5500338AE7 /* ByondSplitBillUITests.xctest */ = {isa = PBXFileReference; explicitFileType = wrapper.cfbundle; includeInIndex = 0; path = ByondSplitBillUITests.xctest; sourceTree = BUILT_PRODUCTS_DIR; };
		B0B3B615857E539287370181 /* Pods-ByondSplitBillTests.debug.xcconfig */ = {isa = PBXFileReference; includeInIndex = 1; lastKnownFileType = text.xcconfig; name = "Pods-ByondSplitBillTests.debug.xcconfig"; path = "Target Support Files/Pods-ByondSplitBillTests/Pods-ByondSplitBillTests.debug.xcconfig"; sourceTree = "<group>"; };
		B9BBB799FC71096CFC481022 /* Pods-ByondSplitBill-ByondSplitBillUITests.debug.xcconfig */ = {isa = PBXFileReference; includeInIndex = 1; lastKnownFileType = text.xcconfig; name = "Pods-ByondSplitBill-ByondSplitBillUITests.debug.xcconfig"; path = "Target Support Files/Pods-ByondSplitBill-ByondSplitBillUITests/Pods-ByondSplitBill-ByondSplitBillUITests.debug.xcconfig"; sourceTree = "<group>"; };
		FC4AD7577939688E726B0894 /* Pods-ByondSplitBill.debug.xcconfig */ = {isa = PBXFileReference; includeInIndex = 1; lastKnownFileType = text.xcconfig; name = "Pods-ByondSplitBill.debug.xcconfig"; path = "Target Support Files/Pods-ByondSplitBill/Pods-ByondSplitBill.debug.xcconfig"; sourceTree = "<group>"; };
/* End PBXFileReference section */

/* Begin PBXFileSystemSynchronizedBuildFileExceptionSet section */
		82046F752DCB1D5500338AE7 /* Exceptions for "ByondSplitBill" folder in "ByondSplitBill" target */ = {
			isa = PBXFileSystemSynchronizedBuildFileExceptionSet;
			membershipExceptions = (
				Utilities/Configurations/Info.plist,
			);
			target = 82046F492DCB1D5300338AE7 /* ByondSplitBill */;
		};
/* End PBXFileSystemSynchronizedBuildFileExceptionSet section */

/* Begin PBXFileSystemSynchronizedRootGroup section */
		82046F4C2DCB1D5300338AE7 /* ByondSplitBill */ = {
			isa = PBXFileSystemSynchronizedRootGroup;
			exceptions = (
				82046F752DCB1D5500338AE7 /* Exceptions for "ByondSplitBill" folder in "ByondSplitBill" target */,
			);
			path = ByondSplitBill;
			sourceTree = "<group>";
		};
		82046F662DCB1D5500338AE7 /* ByondSplitBillTests */ = {
			isa = PBXFileSystemSynchronizedRootGroup;
			path = ByondSplitBillTests;
			sourceTree = "<group>";
		};
		82046F702DCB1D5500338AE7 /* ByondSplitBillUITests */ = {
			isa = PBXFileSystemSynchronizedRootGroup;
			path = ByondSplitBillUITests;
			sourceTree = "<group>";
		};
/* End PBXFileSystemSynchronizedRootGroup section */

/* Begin PBXFrameworksBuildPhase section */
		82046F472DCB1D5300338AE7 /* Frameworks */ = {
			isa = PBXFrameworksBuildPhase;
			buildActionMask = 2147483647;
			files = (
				F82672E6206B9D01F0B39ED9 /* Pods_ByondSplitBill.framework in Frameworks */,
			);
			runOnlyForDeploymentPostprocessing = 0;
		};
		82046F602DCB1D5500338AE7 /* Frameworks */ = {
			isa = PBXFrameworksBuildPhase;
			buildActionMask = 2147483647;
			files = (
				6ED87FF859FCB4DBF1850E0C /* Pods_ByondSplitBillTests.framework in Frameworks */,
			);
			runOnlyForDeploymentPostprocessing = 0;
		};
		82046F6A2DCB1D5500338AE7 /* Frameworks */ = {
			isa = PBXFrameworksBuildPhase;
			buildActionMask = 2147483647;
			files = (
				4F8CA5DA99DE6CB44EE0ACDC /* Pods_ByondSplitBill_ByondSplitBillUITests.framework in Frameworks */,
			);
			runOnlyForDeploymentPostprocessing = 0;
		};
/* End PBXFrameworksBuildPhase section */

/* Begin PBXGroup section */
		470D32AC43BB72D3376B39C5 /* Frameworks */ = {
			isa = PBXGroup;
			children = (
				0DEC62E169B83DBFC778B59F /* Pods_ByondSplitBill.framework */,
				4A38ABDB2CC9E569A86BE083 /* Pods_ByondSplitBill_ByondSplitBillUITests.framework */,
				4FAE0493A6F7619D962A2061 /* Pods_ByondSplitBillTests.framework */,
			);
			name = Frameworks;
			sourceTree = "<group>";
		};
		82046F412DCB1D5300338AE7 = {
			isa = PBXGroup;
			children = (
				82046F4C2DCB1D5300338AE7 /* ByondSplitBill */,
				82046F662DCB1D5500338AE7 /* ByondSplitBillTests */,
				82046F702DCB1D5500338AE7 /* ByondSplitBillUITests */,
				82046F4B2DCB1D5300338AE7 /* Products */,
				986DD76CD96BAD6F5D1CFB86 /* Pods */,
				470D32AC43BB72D3376B39C5 /* Frameworks */,
			);
			sourceTree = "<group>";
		};
		82046F4B2DCB1D5300338AE7 /* Products */ = {
			isa = PBXGroup;
			children = (
				82046F4A2DCB1D5300338AE7 /* ByondSplitBill.app */,
				82046F632DCB1D5500338AE7 /* ByondSplitBillTests.xctest */,
				82046F6D2DCB1D5500338AE7 /* ByondSplitBillUITests.xctest */,
			);
			name = Products;
			sourceTree = "<group>";
		};
		986DD76CD96BAD6F5D1CFB86 /* Pods */ = {
			isa = PBXGroup;
			children = (
				FC4AD7577939688E726B0894 /* Pods-ByondSplitBill.debug.xcconfig */,
				57293A4CFD5A10BCC8DF3376 /* Pods-ByondSplitBill.release.xcconfig */,
				B9BBB799FC71096CFC481022 /* Pods-ByondSplitBill-ByondSplitBillUITests.debug.xcconfig */,
				2B314378BB37BFF68E0FC74D /* Pods-ByondSplitBill-ByondSplitBillUITests.release.xcconfig */,
				B0B3B615857E539287370181 /* Pods-ByondSplitBillTests.debug.xcconfig */,
				601521DB03DC2AA27E4C2BE6 /* Pods-ByondSplitBillTests.release.xcconfig */,
			);
			path = Pods;
			sourceTree = "<group>";
		};
/* End PBXGroup section */

/* Begin PBXNativeTarget section */
		82046F492DCB1D5300338AE7 /* ByondSplitBill */ = {
			isa = PBXNativeTarget;
			buildConfigurationList = 82046F762DCB1D5500338AE7 /* Build configuration list for PBXNativeTarget "ByondSplitBill" */;
			buildPhases = (
				41CBE28A8B75BB890E2C8A36 /* [CP] Check Pods Manifest.lock */,
				82046F462DCB1D5300338AE7 /* Sources */,
				82046F472DCB1D5300338AE7 /* Frameworks */,
				82046F482DCB1D5300338AE7 /* Resources */,
				A94FC1201009A7AFFF52AB0E /* [CP] Embed Pods Frameworks */,
			);
			buildRules = (
			);
			dependencies = (
			);
			fileSystemSynchronizedGroups = (
				82046F4C2DCB1D5300338AE7 /* ByondSplitBill */,
			);
			name = ByondSplitBill;
			productName = ByondSplitBill;
			productReference = 82046F4A2DCB1D5300338AE7 /* ByondSplitBill.app */;
			productType = "com.apple.product-type.application";
		};
		82046F622DCB1D5500338AE7 /* ByondSplitBillTests */ = {
			isa = PBXNativeTarget;
			buildConfigurationList = 82046F7B2DCB1D5500338AE7 /* Build configuration list for PBXNativeTarget "ByondSplitBillTests" */;
			buildPhases = (
				2B0036C46DF863B631BA160F /* [CP] Check Pods Manifest.lock */,
				82046F5F2DCB1D5500338AE7 /* Sources */,
				82046F602DCB1D5500338AE7 /* Frameworks */,
				82046F612DCB1D5500338AE7 /* Resources */,
			);
			buildRules = (
			);
			dependencies = (
				82046F652DCB1D5500338AE7 /* PBXTargetDependency */,
			);
			fileSystemSynchronizedGroups = (
				82046F662DCB1D5500338AE7 /* ByondSplitBillTests */,
			);
			name = ByondSplitBillTests;
			productName = ByondSplitBillTests;
			productReference = 82046F632DCB1D5500338AE7 /* ByondSplitBillTests.xctest */;
			productType = "com.apple.product-type.bundle.unit-test";
		};
		82046F6C2DCB1D5500338AE7 /* ByondSplitBillUITests */ = {
			isa = PBXNativeTarget;
			buildConfigurationList = 82046F7E2DCB1D5500338AE7 /* Build configuration list for PBXNativeTarget "ByondSplitBillUITests" */;
			buildPhases = (
				8CC77E7131B81A557D5728D7 /* [CP] Check Pods Manifest.lock */,
				82046F692DCB1D5500338AE7 /* Sources */,
				82046F6A2DCB1D5500338AE7 /* Frameworks */,
				82046F6B2DCB1D5500338AE7 /* Resources */,
				97591A276CAA8F3A769D09C9 /* [CP] Embed Pods Frameworks */,
			);
			buildRules = (
			);
			dependencies = (
				82046F6F2DCB1D5500338AE7 /* PBXTargetDependency */,
			);
			fileSystemSynchronizedGroups = (
				82046F702DCB1D5500338AE7 /* ByondSplitBillUITests */,
			);
			name = ByondSplitBillUITests;
			productName = ByondSplitBillUITests;
			productReference = 82046F6D2DCB1D5500338AE7 /* ByondSplitBillUITests.xctest */;
			productType = "com.apple.product-type.bundle.ui-testing";
		};
/* End PBXNativeTarget section */

/* Begin PBXProject section */
		82046F422DCB1D5300338AE7 /* Project object */ = {
			isa = PBXProject;
			attributes = {
				BuildIndependentTargetsInParallel = 1;
				LastSwiftUpdateCheck = 1620;
				LastUpgradeCheck = 1620;
				TargetAttributes = {
					82046F492DCB1D5300338AE7 = {
						CreatedOnToolsVersion = 16.2;
					};
					82046F622DCB1D5500338AE7 = {
						CreatedOnToolsVersion = 16.2;
						TestTargetID = 82046F492DCB1D5300338AE7;
					};
					82046F6C2DCB1D5500338AE7 = {
						CreatedOnToolsVersion = 16.2;
						TestTargetID = 82046F492DCB1D5300338AE7;
					};
				};
			};
			buildConfigurationList = 82046F452DCB1D5300338AE7 /* Build configuration list for PBXProject "ByondSplitBill" */;
			developmentRegion = en;
			hasScannedForEncodings = 0;
			knownRegions = (
				en,
				Base,
			);
			mainGroup = 82046F412DCB1D5300338AE7;
			minimizedProjectReferenceProxies = 1;
			preferredProjectObjectVersion = 77;
			productRefGroup = 82046F4B2DCB1D5300338AE7 /* Products */;
			projectDirPath = "";
			projectRoot = "";
			targets = (
				82046F492DCB1D5300338AE7 /* ByondSplitBill */,
				82046F622DCB1D5500338AE7 /* ByondSplitBillTests */,
				82046F6C2DCB1D5500338AE7 /* ByondSplitBillUITests */,
			);
		};
/* End PBXProject section */

/* Begin PBXResourcesBuildPhase section */
		82046F482DCB1D5300338AE7 /* Resources */ = {
			isa = PBXResourcesBuildPhase;
			buildActionMask = 2147483647;
			files = (
			);
			runOnlyForDeploymentPostprocessing = 0;
		};
		82046F612DCB1D5500338AE7 /* Resources */ = {
			isa = PBXResourcesBuildPhase;
			buildActionMask = 2147483647;
			files = (
			);
			runOnlyForDeploymentPostprocessing = 0;
		};
		82046F6B2DCB1D5500338AE7 /* Resources */ = {
			isa = PBXResourcesBuildPhase;
			buildActionMask = 2147483647;
			files = (
			);
			runOnlyForDeploymentPostprocessing = 0;
		};
/* End PBXResourcesBuildPhase section */

/* Begin PBXShellScriptBuildPhase section */
		2B0036C46DF863B631BA160F /* [CP] Check Pods Manifest.lock */ = {
			isa = PBXShellScriptBuildPhase;
			buildActionMask = 2147483647;
			files = (
			);
			inputFileListPaths = (
			);
			inputPaths = (
				"${PODS_PODFILE_DIR_PATH}/Podfile.lock",
				"${PODS_ROOT}/Manifest.lock",
			);
			name = "[CP] Check Pods Manifest.lock";
			outputFileListPaths = (
			);
			outputPaths = (
				"$(DERIVED_FILE_DIR)/Pods-ByondSplitBillTests-checkManifestLockResult.txt",
			);
			runOnlyForDeploymentPostprocessing = 0;
			shellPath = /bin/sh;
			shellScript = "diff \"${PODS_PODFILE_DIR_PATH}/Podfile.lock\" \"${PODS_ROOT}/Manifest.lock\" > /dev/null\nif [ $? != 0 ] ; then\n    # print error to STDERR\n    echo \"error: The sandbox is not in sync with the Podfile.lock. Run 'pod install' or update your CocoaPods installation.\" >&2\n    exit 1\nfi\n# This output is used by Xcode 'outputs' to avoid re-running this script phase.\necho \"SUCCESS\" > \"${SCRIPT_OUTPUT_FILE_0}\"\n";
			showEnvVarsInLog = 0;
		};
		41CBE28A8B75BB890E2C8A36 /* [CP] Check Pods Manifest.lock */ = {
			isa = PBXShellScriptBuildPhase;
			buildActionMask = 2147483647;
			files = (
			);
			inputFileListPaths = (
			);
			inputPaths = (
				"${PODS_PODFILE_DIR_PATH}/Podfile.lock",
				"${PODS_ROOT}/Manifest.lock",
			);
			name = "[CP] Check Pods Manifest.lock";
			outputFileListPaths = (
			);
			outputPaths = (
				"$(DERIVED_FILE_DIR)/Pods-ByondSplitBill-checkManifestLockResult.txt",
			);
			runOnlyForDeploymentPostprocessing = 0;
			shellPath = /bin/sh;
			shellScript = "diff \"${PODS_PODFILE_DIR_PATH}/Podfile.lock\" \"${PODS_ROOT}/Manifest.lock\" > /dev/null\nif [ $? != 0 ] ; then\n    # print error to STDERR\n    echo \"error: The sandbox is not in sync with the Podfile.lock. Run 'pod install' or update your CocoaPods installation.\" >&2\n    exit 1\nfi\n# This output is used by Xcode 'outputs' to avoid re-running this script phase.\necho \"SUCCESS\" > \"${SCRIPT_OUTPUT_FILE_0}\"\n";
			showEnvVarsInLog = 0;
		};
		8CC77E7131B81A557D5728D7 /* [CP] Check Pods Manifest.lock */ = {
			isa = PBXShellScriptBuildPhase;
			buildActionMask = 2147483647;
			files = (
			);
			inputFileListPaths = (
			);
			inputPaths = (
				"${PODS_PODFILE_DIR_PATH}/Podfile.lock",
				"${PODS_ROOT}/Manifest.lock",
			);
			name = "[CP] Check Pods Manifest.lock";
			outputFileListPaths = (
			);
			outputPaths = (
				"$(DERIVED_FILE_DIR)/Pods-ByondSplitBill-ByondSplitBillUITests-checkManifestLockResult.txt",
			);
			runOnlyForDeploymentPostprocessing = 0;
			shellPath = /bin/sh;
			shellScript = "diff \"${PODS_PODFILE_DIR_PATH}/Podfile.lock\" \"${PODS_ROOT}/Manifest.lock\" > /dev/null\nif [ $? != 0 ] ; then\n    # print error to STDERR\n    echo \"error: The sandbox is not in sync with the Podfile.lock. Run 'pod install' or update your CocoaPods installation.\" >&2\n    exit 1\nfi\n# This output is used by Xcode 'outputs' to avoid re-running this script phase.\necho \"SUCCESS\" > \"${SCRIPT_OUTPUT_FILE_0}\"\n";
			showEnvVarsInLog = 0;
		};
		97591A276CAA8F3A769D09C9 /* [CP] Embed Pods Frameworks */ = {
			isa = PBXShellScriptBuildPhase;
			buildActionMask = 2147483647;
			files = (
			);
			inputFileListPaths = (
				"${PODS_ROOT}/Target Support Files/Pods-ByondSplitBill-ByondSplitBillUITests/Pods-ByondSplitBill-ByondSplitBillUITests-frameworks-${CONFIGURATION}-input-files.xcfilelist",
			);
			name = "[CP] Embed Pods Frameworks";
			outputFileListPaths = (
				"${PODS_ROOT}/Target Support Files/Pods-ByondSplitBill-ByondSplitBillUITests/Pods-ByondSplitBill-ByondSplitBillUITests-frameworks-${CONFIGURATION}-output-files.xcfilelist",
			);
			runOnlyForDeploymentPostprocessing = 0;
			shellPath = /bin/sh;
			shellScript = "\"${PODS_ROOT}/Target Support Files/Pods-ByondSplitBill-ByondSplitBillUITests/Pods-ByondSplitBill-ByondSplitBillUITests-frameworks.sh\"\n";
			showEnvVarsInLog = 0;
		};
		A94FC1201009A7AFFF52AB0E /* [CP] Embed Pods Frameworks */ = {
			isa = PBXShellScriptBuildPhase;
			buildActionMask = 2147483647;
			files = (
			);
			inputFileListPaths = (
				"${PODS_ROOT}/Target Support Files/Pods-ByondSplitBill/Pods-ByondSplitBill-frameworks-${CONFIGURATION}-input-files.xcfilelist",
			);
			name = "[CP] Embed Pods Frameworks";
			outputFileListPaths = (
				"${PODS_ROOT}/Target Support Files/Pods-ByondSplitBill/Pods-ByondSplitBill-frameworks-${CONFIGURATION}-output-files.xcfilelist",
			);
			runOnlyForDeploymentPostprocessing = 0;
			shellPath = /bin/sh;
			shellScript = "\"${PODS_ROOT}/Target Support Files/Pods-ByondSplitBill/Pods-ByondSplitBill-frameworks.sh\"\n";
			showEnvVarsInLog = 0;
		};
/* End PBXShellScriptBuildPhase section */

/* Begin PBXSourcesBuildPhase section */
		82046F462DCB1D5300338AE7 /* Sources */ = {
			isa = PBXSourcesBuildPhase;
			buildActionMask = 2147483647;
			files = (
			);
			runOnlyForDeploymentPostprocessing = 0;
		};
		82046F5F2DCB1D5500338AE7 /* Sources */ = {
			isa = PBXSourcesBuildPhase;
			buildActionMask = 2147483647;
			files = (
			);
			runOnlyForDeploymentPostprocessing = 0;
		};
		82046F692DCB1D5500338AE7 /* Sources */ = {
			isa = PBXSourcesBuildPhase;
			buildActionMask = 2147483647;
			files = (
			);
			runOnlyForDeploymentPostprocessing = 0;
		};
/* End PBXSourcesBuildPhase section */

/* Begin PBXTargetDependency section */
		82046F652DCB1D5500338AE7 /* PBXTargetDependency */ = {
			isa = PBXTargetDependency;
			target = 82046F492DCB1D5300338AE7 /* ByondSplitBill */;
			targetProxy = 82046F642DCB1D5500338AE7 /* PBXContainerItemProxy */;
		};
		82046F6F2DCB1D5500338AE7 /* PBXTargetDependency */ = {
			isa = PBXTargetDependency;
			target = 82046F492DCB1D5300338AE7 /* ByondSplitBill */;
			targetProxy = 82046F6E2DCB1D5500338AE7 /* PBXContainerItemProxy */;
		};
/* End PBXTargetDependency section */

/* Begin XCBuildConfiguration section */
		82046F772DCB1D5500338AE7 /* Debug */ = {
			isa = XCBuildConfiguration;
			baseConfigurationReference = FC4AD7577939688E726B0894 /* Pods-ByondSplitBill.debug.xcconfig */;
			buildSettings = {
				ASSETCATALOG_COMPILER_APPICON_NAME = AppIcon;
				ASSETCATALOG_COMPILER_GLOBAL_ACCENT_COLOR_NAME = AccentColor;
				CODE_SIGN_STYLE = Automatic;
				CURRENT_PROJECT_VERSION = 1;
				DEVELOPMENT_TEAM = YK5ZVP869F;
				ENABLE_USER_SCRIPT_SANDBOXING = NO;
				GENERATE_INFOPLIST_FILE = YES;
				INFOPLIST_FILE = ByondSplitBill/Utilities/Configurations/Info.plist;
				INFOPLIST_KEY_UIApplicationSupportsIndirectInputEvents = YES;
				INFOPLIST_KEY_UILaunchStoryboardName = LaunchScreen;
				INFOPLIST_KEY_UISupportedInterfaceOrientations = UIInterfaceOrientationPortrait;
				INFOPLIST_KEY_UISupportedInterfaceOrientations_iPad = "UIInterfaceOrientationLandscapeLeft UIInterfaceOrientationLandscapeRight UIInterfaceOrientationPortrait UIInterfaceOrientationPortraitUpsideDown";
				INFOPLIST_KEY_UIUserInterfaceStyle = Light;
				IPHONEOS_DEPLOYMENT_TARGET = 14.0;
				LD_RUNPATH_SEARCH_PATHS = (
					"$(inherited)",
					"@executable_path/Frameworks",
				);
				MARKETING_VERSION = 1.0;
				PRODUCT_BUNDLE_IDENTIFIER = com.ardyanwhh.ByondSplitBill;
				PRODUCT_NAME = "$(TARGET_NAME)";
				SUPPORTED_PLATFORMS = "iphoneos iphonesimulator";
				SUPPORTS_MACCATALYST = NO;
				SUPPORTS_MAC_DESIGNED_FOR_IPHONE_IPAD = NO;
				SUPPORTS_XR_DESIGNED_FOR_IPHONE_IPAD = NO;
				SWIFT_EMIT_LOC_STRINGS = YES;
				SWIFT_VERSION = 5.0;
				TARGETED_DEVICE_FAMILY = 1;
			};
			name = Debug;
		};
		82046F782DCB1D5500338AE7 /* Release */ = {
			isa = XCBuildConfiguration;
			baseConfigurationReference = 57293A4CFD5A10BCC8DF3376 /* Pods-ByondSplitBill.release.xcconfig */;
			buildSettings = {
				ASSETCATALOG_COMPILER_APPICON_NAME = AppIcon;
				ASSETCATALOG_COMPILER_GLOBAL_ACCENT_COLOR_NAME = AccentColor;
				CODE_SIGN_STYLE = Automatic;
				CURRENT_PROJECT_VERSION = 1;
				DEVELOPMENT_TEAM = YK5ZVP869F;
				ENABLE_USER_SCRIPT_SANDBOXING = NO;
				GENERATE_INFOPLIST_FILE = YES;
				INFOPLIST_FILE = ByondSplitBill/Utilities/Configurations/Info.plist;
				INFOPLIST_KEY_UIApplicationSupportsIndirectInputEvents = YES;
				INFOPLIST_KEY_UILaunchStoryboardName = LaunchScreen;
				INFOPLIST_KEY_UISupportedInterfaceOrientations = UIInterfaceOrientationPortrait;
				INFOPLIST_KEY_UISupportedInterfaceOrientations_iPad = "UIInterfaceOrientationLandscapeLeft UIInterfaceOrientationLandscapeRight UIInterfaceOrientationPortrait UIInterfaceOrientationPortraitUpsideDown";
				INFOPLIST_KEY_UIUserInterfaceStyle = Light;
				IPHONEOS_DEPLOYMENT_TARGET = 14.0;
				LD_RUNPATH_SEARCH_PATHS = (
					"$(inherited)",
					"@executable_path/Frameworks",
				);
				MARKETING_VERSION = 1.0;
				PRODUCT_BUNDLE_IDENTIFIER = com.ardyanwhh.ByondSplitBill;
				PRODUCT_NAME = "$(TARGET_NAME)";
				SUPPORTED_PLATFORMS = "iphoneos iphonesimulator";
				SUPPORTS_MACCATALYST = NO;
				SUPPORTS_MAC_DESIGNED_FOR_IPHONE_IPAD = NO;
				SUPPORTS_XR_DESIGNED_FOR_IPHONE_IPAD = NO;
				SWIFT_EMIT_LOC_STRINGS = YES;
				SWIFT_VERSION = 5.0;
				TARGETED_DEVICE_FAMILY = 1;
			};
			name = Release;
		};
		82046F792DCB1D5500338AE7 /* Debug */ = {
			isa = XCBuildConfiguration;
			buildSettings = {
				ALWAYS_SEARCH_USER_PATHS = NO;
				ASSETCATALOG_COMPILER_GENERATE_SWIFT_ASSET_SYMBOL_EXTENSIONS = YES;
				CLANG_ANALYZER_NONNULL = YES;
				CLANG_ANALYZER_NUMBER_OBJECT_CONVERSION = YES_AGGRESSIVE;
				CLANG_CXX_LANGUAGE_STANDARD = "gnu++20";
				CLANG_ENABLE_MODULES = YES;
				CLANG_ENABLE_OBJC_ARC = YES;
				CLANG_ENABLE_OBJC_WEAK = YES;
				CLANG_WARN_BLOCK_CAPTURE_AUTORELEASING = YES;
				CLANG_WARN_BOOL_CONVERSION = YES;
				CLANG_WARN_COMMA = YES;
				CLANG_WARN_CONSTANT_CONVERSION = YES;
				CLANG_WARN_DEPRECATED_OBJC_IMPLEMENTATIONS = YES;
				CLANG_WARN_DIRECT_OBJC_ISA_USAGE = YES_ERROR;
				CLANG_WARN_DOCUMENTATION_COMMENTS = YES;
				CLANG_WARN_EMPTY_BODY = YES;
				CLANG_WARN_ENUM_CONVERSION = YES;
				CLANG_WARN_INFINITE_RECURSION = YES;
				CLANG_WARN_INT_CONVERSION = YES;
				CLANG_WARN_NON_LITERAL_NULL_CONVERSION = YES;
				CLANG_WARN_OBJC_IMPLICIT_RETAIN_SELF = YES;
				CLANG_WARN_OBJC_LITERAL_CONVERSION = YES;
				CLANG_WARN_OBJC_ROOT_CLASS = YES_ERROR;
				CLANG_WARN_QUOTED_INCLUDE_IN_FRAMEWORK_HEADER = YES;
				CLANG_WARN_RANGE_LOOP_ANALYSIS = YES;
				CLANG_WARN_STRICT_PROTOTYPES = YES;
				CLANG_WARN_SUSPICIOUS_MOVE = YES;
				CLANG_WARN_UNGUARDED_AVAILABILITY = YES_AGGRESSIVE;
				CLANG_WARN_UNREACHABLE_CODE = YES;
				CLANG_WARN__DUPLICATE_METHOD_MATCH = YES;
				COPY_PHASE_STRIP = NO;
				DEBUG_INFORMATION_FORMAT = dwarf;
				ENABLE_STRICT_OBJC_MSGSEND = YES;
				ENABLE_TESTABILITY = YES;
				ENABLE_USER_SCRIPT_SANDBOXING = YES;
				GCC_C_LANGUAGE_STANDARD = gnu17;
				GCC_DYNAMIC_NO_PIC = NO;
				GCC_NO_COMMON_BLOCKS = YES;
				GCC_OPTIMIZATION_LEVEL = 0;
				GCC_PREPROCESSOR_DEFINITIONS = (
					"DEBUG=1",
					"$(inherited)",
				);
				GCC_WARN_64_TO_32_BIT_CONVERSION = YES;
				GCC_WARN_ABOUT_RETURN_TYPE = YES_ERROR;
				GCC_WARN_UNDECLARED_SELECTOR = YES;
				GCC_WARN_UNINITIALIZED_AUTOS = YES_AGGRESSIVE;
				GCC_WARN_UNUSED_FUNCTION = YES;
				GCC_WARN_UNUSED_VARIABLE = YES;
				IPHONEOS_DEPLOYMENT_TARGET = 18.2;
				LOCALIZATION_PREFERS_STRING_CATALOGS = YES;
				MTL_ENABLE_DEBUG_INFO = INCLUDE_SOURCE;
				MTL_FAST_MATH = YES;
				ONLY_ACTIVE_ARCH = YES;
				SDKROOT = iphoneos;
				SWIFT_ACTIVE_COMPILATION_CONDITIONS = "DEBUG $(inherited)";
				SWIFT_OPTIMIZATION_LEVEL = "-Onone";
			};
			name = Debug;
		};
		82046F7A2DCB1D5500338AE7 /* Release */ = {
			isa = XCBuildConfiguration;
			buildSettings = {
				ALWAYS_SEARCH_USER_PATHS = NO;
				ASSETCATALOG_COMPILER_GENERATE_SWIFT_ASSET_SYMBOL_EXTENSIONS = YES;
				CLANG_ANALYZER_NONNULL = YES;
				CLANG_ANALYZER_NUMBER_OBJECT_CONVERSION = YES_AGGRESSIVE;
				CLANG_CXX_LANGUAGE_STANDARD = "gnu++20";
				CLANG_ENABLE_MODULES = YES;
				CLANG_ENABLE_OBJC_ARC = YES;
				CLANG_ENABLE_OBJC_WEAK = YES;
				CLANG_WARN_BLOCK_CAPTURE_AUTORELEASING = YES;
				CLANG_WARN_BOOL_CONVERSION = YES;
				CLANG_WARN_COMMA = YES;
				CLANG_WARN_CONSTANT_CONVERSION = YES;
				CLANG_WARN_DEPRECATED_OBJC_IMPLEMENTATIONS = YES;
				CLANG_WARN_DIRECT_OBJC_ISA_USAGE = YES_ERROR;
				CLANG_WARN_DOCUMENTATION_COMMENTS = YES;
				CLANG_WARN_EMPTY_BODY = YES;
				CLANG_WARN_ENUM_CONVERSION = YES;
				CLANG_WARN_INFINITE_RECURSION = YES;
				CLANG_WARN_INT_CONVERSION = YES;
				CLANG_WARN_NON_LITERAL_NULL_CONVERSION = YES;
				CLANG_WARN_OBJC_IMPLICIT_RETAIN_SELF = YES;
				CLANG_WARN_OBJC_LITERAL_CONVERSION = YES;
				CLANG_WARN_OBJC_ROOT_CLASS = YES_ERROR;
				CLANG_WARN_QUOTED_INCLUDE_IN_FRAMEWORK_HEADER = YES;
				CLANG_WARN_RANGE_LOOP_ANALYSIS = YES;
				CLANG_WARN_STRICT_PROTOTYPES = YES;
				CLANG_WARN_SUSPICIOUS_MOVE = YES;
				CLANG_WARN_UNGUARDED_AVAILABILITY = YES_AGGRESSIVE;
				CLANG_WARN_UNREACHABLE_CODE = YES;
				CLANG_WARN__DUPLICATE_METHOD_MATCH = YES;
				COPY_PHASE_STRIP = NO;
				DEBUG_INFORMATION_FORMAT = "dwarf-with-dsym";
				ENABLE_NS_ASSERTIONS = NO;
				ENABLE_STRICT_OBJC_MSGSEND = YES;
				ENABLE_USER_SCRIPT_SANDBOXING = YES;
				GCC_C_LANGUAGE_STANDARD = gnu17;
				GCC_NO_COMMON_BLOCKS = YES;
				GCC_WARN_64_TO_32_BIT_CONVERSION = YES;
				GCC_WARN_ABOUT_RETURN_TYPE = YES_ERROR;
				GCC_WARN_UNDECLARED_SELECTOR = YES;
				GCC_WARN_UNINITIALIZED_AUTOS = YES_AGGRESSIVE;
				GCC_WARN_UNUSED_FUNCTION = YES;
				GCC_WARN_UNUSED_VARIABLE = YES;
				IPHONEOS_DEPLOYMENT_TARGET = 18.2;
				LOCALIZATION_PREFERS_STRING_CATALOGS = YES;
				MTL_ENABLE_DEBUG_INFO = NO;
				MTL_FAST_MATH = YES;
				SDKROOT = iphoneos;
				SWIFT_COMPILATION_MODE = wholemodule;
				VALIDATE_PRODUCT = YES;
			};
			name = Release;
		};
		82046F7C2DCB1D5500338AE7 /* Debug */ = {
			isa = XCBuildConfiguration;
			baseConfigurationReference = B0B3B615857E539287370181 /* Pods-ByondSplitBillTests.debug.xcconfig */;
			buildSettings = {
				BUNDLE_LOADER = "$(TEST_HOST)";
				CODE_SIGN_STYLE = Automatic;
				CURRENT_PROJECT_VERSION = 1;
				DEVELOPMENT_TEAM = YK5ZVP869F;
				GENERATE_INFOPLIST_FILE = YES;
				IPHONEOS_DEPLOYMENT_TARGET = 18.2;
				MARKETING_VERSION = 1.0;
				PRODUCT_BUNDLE_IDENTIFIER = com.ardyanwhh.ByondSplitBillTests;
				PRODUCT_NAME = "$(TARGET_NAME)";
				SWIFT_EMIT_LOC_STRINGS = NO;
				SWIFT_VERSION = 5.0;
				TARGETED_DEVICE_FAMILY = "1,2";
				TEST_HOST = "$(BUILT_PRODUCTS_DIR)/ByondSplitBill.app/$(BUNDLE_EXECUTABLE_FOLDER_PATH)/ByondSplitBill";
			};
			name = Debug;
		};
		82046F7D2DCB1D5500338AE7 /* Release */ = {
			isa = XCBuildConfiguration;
			baseConfigurationReference = 601521DB03DC2AA27E4C2BE6 /* Pods-ByondSplitBillTests.release.xcconfig */;
			buildSettings = {
				BUNDLE_LOADER = "$(TEST_HOST)";
				CODE_SIGN_STYLE = Automatic;
				CURRENT_PROJECT_VERSION = 1;
				DEVELOPMENT_TEAM = YK5ZVP869F;
				GENERATE_INFOPLIST_FILE = YES;
				IPHONEOS_DEPLOYMENT_TARGET = 18.2;
				MARKETING_VERSION = 1.0;
				PRODUCT_BUNDLE_IDENTIFIER = com.ardyanwhh.ByondSplitBillTests;
				PRODUCT_NAME = "$(TARGET_NAME)";
				SWIFT_EMIT_LOC_STRINGS = NO;
				SWIFT_VERSION = 5.0;
				TARGETED_DEVICE_FAMILY = "1,2";
				TEST_HOST = "$(BUILT_PRODUCTS_DIR)/ByondSplitBill.app/$(BUNDLE_EXECUTABLE_FOLDER_PATH)/ByondSplitBill";
			};
			name = Release;
		};
		82046F7F2DCB1D5500338AE7 /* Debug */ = {
			isa = XCBuildConfiguration;
			baseConfigurationReference = B9BBB799FC71096CFC481022 /* Pods-ByondSplitBill-ByondSplitBillUITests.debug.xcconfig */;
			buildSettings = {
				CODE_SIGN_STYLE = Automatic;
				CURRENT_PROJECT_VERSION = 1;
				DEVELOPMENT_TEAM = YK5ZVP869F;
				GENERATE_INFOPLIST_FILE = YES;
				MARKETING_VERSION = 1.0;
				PRODUCT_BUNDLE_IDENTIFIER = com.ardyanwhh.ByondSplitBillUITests;
				PRODUCT_NAME = "$(TARGET_NAME)";
				SWIFT_EMIT_LOC_STRINGS = NO;
				SWIFT_VERSION = 5.0;
				TARGETED_DEVICE_FAMILY = "1,2";
				TEST_TARGET_NAME = ByondSplitBill;
			};
			name = Debug;
		};
		82046F802DCB1D5500338AE7 /* Release */ = {
			isa = XCBuildConfiguration;
			baseConfigurationReference = 2B314378BB37BFF68E0FC74D /* Pods-ByondSplitBill-ByondSplitBillUITests.release.xcconfig */;
			buildSettings = {
				CODE_SIGN_STYLE = Automatic;
				CURRENT_PROJECT_VERSION = 1;
				DEVELOPMENT_TEAM = YK5ZVP869F;
				GENERATE_INFOPLIST_FILE = YES;
				MARKETING_VERSION = 1.0;
				PRODUCT_BUNDLE_IDENTIFIER = com.ardyanwhh.ByondSplitBillUITests;
				PRODUCT_NAME = "$(TARGET_NAME)";
				SWIFT_EMIT_LOC_STRINGS = NO;
				SWIFT_VERSION = 5.0;
				TARGETED_DEVICE_FAMILY = "1,2";
				TEST_TARGET_NAME = ByondSplitBill;
			};
			name = Release;
		};
/* End XCBuildConfiguration section */

/* Begin XCConfigurationList section */
		82046F452DCB1D5300338AE7 /* Build configuration list for PBXProject "ByondSplitBill" */ = {
			isa = XCConfigurationList;
			buildConfigurations = (
				82046F792DCB1D5500338AE7 /* Debug */,
				82046F7A2DCB1D5500338AE7 /* Release */,
			);
			defaultConfigurationIsVisible = 0;
			defaultConfigurationName = Release;
		};
		82046F762DCB1D5500338AE7 /* Build configuration list for PBXNativeTarget "ByondSplitBill" */ = {
			isa = XCConfigurationList;
			buildConfigurations = (
				82046F772DCB1D5500338AE7 /* Debug */,
				82046F782DCB1D5500338AE7 /* Release */,
			);
			defaultConfigurationIsVisible = 0;
			defaultConfigurationName = Release;
		};
		82046F7B2DCB1D5500338AE7 /* Build configuration list for PBXNativeTarget "ByondSplitBillTests" */ = {
			isa = XCConfigurationList;
			buildConfigurations = (
				82046F7C2DCB1D5500338AE7 /* Debug */,
				82046F7D2DCB1D5500338AE7 /* Release */,
			);
			defaultConfigurationIsVisible = 0;
			defaultConfigurationName = Release;
		};
		82046F7E2DCB1D5500338AE7 /* Build configuration list for PBXNativeTarget "ByondSplitBillUITests" */ = {
			isa = XCConfigurationList;
			buildConfigurations = (
				82046F7F2DCB1D5500338AE7 /* Debug */,
				82046F802DCB1D5500338AE7 /* Release */,
			);
			defaultConfigurationIsVisible = 0;
			defaultConfigurationName = Release;
		};
/* End XCConfigurationList section */
	};
	rootObject = 82046F422DCB1D5300338AE7 /* Project object */;
}
